
Microsoft Visual Studio Solution File, Format Version 12.00
# Visual Studio 15
VisualStudioVersion = 15.0.27703.2047
MinimumVisualStudioVersion = 10.0.40219.1
Project("{FAE04EC0-301F-11D3-BF4B-00C04F79EFBC}") = "AscendingNET", "AscendingNET\AscendingNET.csproj", "{B1B18D63-8003-4F59-B696-8C45573252DF}"
EndProject
Project("{FAE04EC0-301F-11D3-BF4B-00C04F79EFBC}") = "Ascension", "Ascension\Ascension.csproj", "{745812AE-3607-4C53-AE56-84C6525211A9}"
EndProject
Global
	GlobalSection(SolutionConfigurationPlatforms) = preSolution
		Debug|Any CPU = Debug|Any CPU
		Release|Any CPU = Release|Any CPU
	EndGlobalSection
	GlobalSection(ProjectConfigurationPlatforms) = postSolution
		{B1B18D63-8003-4F59-B696-8C45573252DF}.Debug|Any CPU.ActiveCfg = Debug|Any CPU
		{B1B18D63-8003-4F59-B696-8C45573252DF}.Debug|Any CPU.Build.0 = Debug|Any CPU
		{B1B18D63-8003-4F59-B696-8C45573252DF}.Release|Any CPU.ActiveCfg = Release|Any CPU
		{B1B18D63-8003-4F59-B696-8C45573252DF}.Release|Any CPU.Build.0 = Release|Any CPU
		{745812AE-3607-4C53-AE56-84C6525211A9}.Debug|Any CPU.ActiveCfg = Debug|Any CPU
		{745812AE-3607-4C53-AE56-84C6525211A9}.Debug|Any CPU.Build.0 = Debug|Any CPU
		{745812AE-3607-4C53-AE56-84C6525211A9}.Release|Any CPU.ActiveCfg = Release|Any CPU
		{745812AE-3607-4C53-AE56-84C6525211A9}.Release|Any CPU.Build.0 = Release|Any CPU
	EndGlobalSection
	GlobalSection(SolutionProperties) = preSolution
		HideSolutionNode = FALSE
	EndGlobalSection
	GlobalSection(ExtensibilityGlobals) = postSolution
		SolutionGuid = {721A63FC-8457-4516-9E86-FC93140DDFA4}
	EndGlobalSection
EndGlobal
